
Microsoft Visual Studio Solution File, Format Version 12.00
# Visual Studio Version 16
VisualStudioVersion = 16.0.32510.428
MinimumVisualStudioVersion = 10.0.40219.1
Project("{FAE04EC0-301F-11D3-BF4B-00C04F79EFBC}") = "Task", "Task\Task.csproj", "{4E503137-0BBA-44FC-93B5-FDB801DA6482}"
EndProject
Global
	GlobalSection(SolutionConfigurationPlatforms) = preSolution
		Debug|Any CPU = Debug|Any CPU
		Release|Any CPU = Release|Any CPU
	EndGlobalSection
	GlobalSection(ProjectConfigurationPlatforms) = postSolution
		{4E503137-0BBA-44FC-93B5-FDB801DA6482}.Debug|Any CPU.ActiveCfg = Debug|Any CPU
		{4E503137-0BBA-44FC-93B5-FDB801DA6482}.Debug|Any CPU.Build.0 = Debug|Any CPU
		{4E503137-0BBA-44FC-93B5-FDB801DA6482}.Release|Any CPU.ActiveCfg = Release|Any CPU
		{4E503137-0BBA-44FC-93B5-FDB801DA6482}.Release|Any CPU.Build.0 = Release|Any CPU
	EndGlobalSection
	GlobalSection(SolutionProperties) = preSolution
		HideSolutionNode = FALSE
	EndGlobalSection
	GlobalSection(ExtensibilityGlobals) = postSolution
		SolutionGuid = {44855999-12BC-443F-81AF-2A1CAA588F5B}
	EndGlobalSection
EndGlobal
